
Microsoft Visual Studio Solution File, Format Version 12.00
# Visual Studio 14
VisualStudioVersion = 14.0.25123.0
MinimumVisualStudioVersion = 10.0.40219.1
Project("{FAE04EC0-301F-11D3-BF4B-00C04F79EFBC}") = "ExXUDataStorage.Droid", "ExXUDataStorage\ExXUDataStorage.Droid\ExXUDataStorage.Droid.csproj", "{E40774C8-7B03-439B-A3A3-0FBBD945C86E}"
EndProject
Project("{FAE04EC0-301F-11D3-BF4B-00C04F79EFBC}") = "ExXUDataStorage.iOS", "ExXUDataStorage\ExXUDataStorage.iOS\ExXUDataStorage.iOS.csproj", "{905FB44C-0B98-4DCA-8FF9-3822E138DCF5}"
EndProject
Project("{FAE04EC0-301F-11D3-BF4B-00C04F79EFBC}") = "ExXUDataStorage", "ExXUDataStorage\ExXUDataStorage\ExXUDataStorage.csproj", "{F58DF22F-585E-41A9-97D5-21D732A3C9A0}"
EndProject
Global
	GlobalSection(SolutionConfigurationPlatforms) = preSolution
		Ad-Hoc|Any CPU = Ad-Hoc|Any CPU
		Ad-Hoc|ARM = Ad-Hoc|ARM
		Ad-Hoc|iPhone = Ad-Hoc|iPhone
		Ad-Hoc|iPhoneSimulator = Ad-Hoc|iPhoneSimulator
		Ad-Hoc|x64 = Ad-Hoc|x64
		Ad-Hoc|x86 = Ad-Hoc|x86
		AppStore|Any CPU = AppStore|Any CPU
		AppStore|ARM = AppStore|ARM
		AppStore|iPhone = AppStore|iPhone
		AppStore|iPhoneSimulator = AppStore|iPhoneSimulator
		AppStore|x64 = AppStore|x64
		AppStore|x86 = AppStore|x86
		Debug|Any CPU = Debug|Any CPU
		Debug|ARM = Debug|ARM
		Debug|iPhone = Debug|iPhone
		Debug|iPhoneSimulator = Debug|iPhoneSimulator
		Debug|x64 = Debug|x64
		Debug|x86 = Debug|x86
		Release|Any CPU = Release|Any CPU
		Release|ARM = Release|ARM
		Release|iPhone = Release|iPhone
		Release|iPhoneSimulator = Release|iPhoneSimulator
		Release|x64 = Release|x64
		Release|x86 = Release|x86
	EndGlobalSection
	GlobalSection(ProjectConfigurationPlatforms) = postSolution
		{E40774C8-7B03-439B-A3A3-0FBBD945C86E}.Ad-Hoc|Any CPU.ActiveCfg = Release|Any CPU
		{E40774C8-7B03-439B-A3A3-0FBBD945C86E}.Ad-Hoc|Any CPU.Build.0 = Release|Any CPU
		{E40774C8-7B03-439B-A3A3-0FBBD945C86E}.Ad-Hoc|Any CPU.Deploy.0 = Release|Any CPU
		{E40774C8-7B03-439B-A3A3-0FBBD945C86E}.Ad-Hoc|ARM.ActiveCfg = Release|Any CPU
		{E40774C8-7B03-439B-A3A3-0FBBD945C86E}.Ad-Hoc|ARM.Build.0 = Release|Any CPU
		{E40774C8-7B03-439B-A3A3-0FBBD945C86E}.Ad-Hoc|ARM.Deploy.0 = Release|Any CPU
		{E40774C8-7B03-439B-A3A3-0FBBD945C86E}.Ad-Hoc|iPhone.ActiveCfg = Release|Any CPU
		{E40774C8-7B03-439B-A3A3-0FBBD945C86E}.Ad-Hoc|iPhone.Build.0 = Release|Any CPU
		{E40774C8-7B03-439B-A3A3-0FBBD945C86E}.Ad-Hoc|iPhone.Deploy.0 = Release|Any CPU
		{E40774C8-7B03-439B-A3A3-0FBBD945C86E}.Ad-Hoc|iPhoneSimulator.ActiveCfg = Release|Any CPU
		{E40774C8-7B03-439B-A3A3-0FBBD945C86E}.Ad-Hoc|iPhoneSimulator.Build.0 = Release|Any CPU
		{E40774C8-7B03-439B-A3A3-0FBBD945C86E}.Ad-Hoc|iPhoneSimulator.Deploy.0 = Release|Any CPU
		{E40774C8-7B03-439B-A3A3-0FBBD945C86E}.Ad-Hoc|x64.ActiveCfg = Release|Any CPU
		{E40774C8-7B03-439B-A3A3-0FBBD945C86E}.Ad-Hoc|x64.Build.0 = Release|Any CPU
		{E40774C8-7B03-439B-A3A3-0FBBD945C86E}.Ad-Hoc|x64.Deploy.0 = Release|Any CPU
		{E40774C8-7B03-439B-A3A3-0FBBD945C86E}.Ad-Hoc|x86.ActiveCfg = Release|Any CPU
		{E40774C8-7B03-439B-A3A3-0FBBD945C86E}.Ad-Hoc|x86.Build.0 = Release|Any CPU
		{E40774C8-7B03-439B-A3A3-0FBBD945C86E}.Ad-Hoc|x86.Deploy.0 = Release|Any CPU
		{E40774C8-7B03-439B-A3A3-0FBBD945C86E}.AppStore|Any CPU.ActiveCfg = Release|Any CPU
		{E40774C8-7B03-439B-A3A3-0FBBD945C86E}.AppStore|Any CPU.Build.0 = Release|Any CPU
		{E40774C8-7B03-439B-A3A3-0FBBD945C86E}.AppStore|Any CPU.Deploy.0 = Release|Any CPU
		{E40774C8-7B03-439B-A3A3-0FBBD945C86E}.AppStore|ARM.ActiveCfg = Release|Any CPU
		{E40774C8-7B03-439B-A3A3-0FBBD945C86E}.AppStore|ARM.Build.0 = Release|Any CPU
		{E40774C8-7B03-439B-A3A3-0FBBD945C86E}.AppStore|ARM.Deploy.0 = Release|Any CPU
		{E40774C8-7B03-439B-A3A3-0FBBD945C86E}.AppStore|iPhone.ActiveCfg = Release|Any CPU
		{E40774C8-7B03-439B-A3A3-0FBBD945C86E}.AppStore|iPhone.Build.0 = Release|Any CPU
		{E40774C8-7B03-439B-A3A3-0FBBD945C86E}.AppStore|iPhone.Deploy.0 = Release|Any CPU
		{E40774C8-7B03-439B-A3A3-0FBBD945C86E}.AppStore|iPhoneSimulator.ActiveCfg = Release|Any CPU
		{E40774C8-7B03-439B-A3A3-0FBBD945C86E}.AppStore|iPhoneSimulator.Build.0 = Release|Any CPU
		{E40774C8-7B03-439B-A3A3-0FBBD945C86E}.AppStore|iPhoneSimulator.Deploy.0 = Release|Any CPU
		{E40774C8-7B03-439B-A3A3-0FBBD945C86E}.AppStore|x64.ActiveCfg = Release|Any CPU
		{E40774C8-7B03-439B-A3A3-0FBBD945C86E}.AppStore|x64.Build.0 = Release|Any CPU
		{E40774C8-7B03-439B-A3A3-0FBBD945C86E}.AppStore|x64.Deploy.0 = Release|Any CPU
		{E40774C8-7B03-439B-A3A3-0FBBD945C86E}.AppStore|x86.ActiveCfg = Release|Any CPU
		{E40774C8-7B03-439B-A3A3-0FBBD945C86E}.AppStore|x86.Build.0 = Release|Any CPU
		{E40774C8-7B03-439B-A3A3-0FBBD945C86E}.AppStore|x86.Deploy.0 = Release|Any CPU
		{E40774C8-7B03-439B-A3A3-0FBBD945C86E}.Debug|Any CPU.ActiveCfg = Debug|Any CPU
		{E40774C8-7B03-439B-A3A3-0FBBD945C86E}.Debug|Any CPU.Build.0 = Debug|Any CPU
		{E40774C8-7B03-439B-A3A3-0FBBD945C86E}.Debug|Any CPU.Deploy.0 = Debug|Any CPU
		{E40774C8-7B03-439B-A3A3-0FBBD945C86E}.Debug|ARM.ActiveCfg = Debug|Any CPU
		{E40774C8-7B03-439B-A3A3-0FBBD945C86E}.Debug|ARM.Build.0 = Debug|Any CPU
		{E40774C8-7B03-439B-A3A3-0FBBD945C86E}.Debug|ARM.Deploy.0 = Debug|Any CPU
		{E40774C8-7B03-439B-A3A3-0FBBD945C86E}.Debug|iPhone.ActiveCfg = Debug|Any CPU
		{E40774C8-7B03-439B-A3A3-0FBBD945C86E}.Debug|iPhone.Build.0 = Debug|Any CPU
		{E40774C8-7B03-439B-A3A3-0FBBD945C86E}.Debug|iPhone.Deploy.0 = Debug|Any CPU
		{E40774C8-7B03-439B-A3A3-0FBBD945C86E}.Debug|iPhoneSimulator.ActiveCfg = Debug|Any CPU
		{E40774C8-7B03-439B-A3A3-0FBBD945C86E}.Debug|iPhoneSimulator.Build.0 = Debug|Any CPU
		{E40774C8-7B03-439B-A3A3-0FBBD945C86E}.Debug|iPhoneSimulator.Deploy.0 = Debug|Any CPU
		{E40774C8-7B03-439B-A3A3-0FBBD945C86E}.Debug|x64.ActiveCfg = Debug|Any CPU
		{E40774C8-7B03-439B-A3A3-0FBBD945C86E}.Debug|x64.Build.0 = Debug|Any CPU
		{E40774C8-7B03-439B-A3A3-0FBBD945C86E}.Debug|x64.Deploy.0 = Debug|Any CPU
		{E40774C8-7B03-439B-A3A3-0FBBD945C86E}.Debug|x86.ActiveCfg = Debug|Any CPU
		{E40774C8-7B03-439B-A3A3-0FBBD945C86E}.Debug|x86.Build.0 = Debug|Any CPU
		{E40774C8-7B03-439B-A3A3-0FBBD945C86E}.Debug|x86.Deploy.0 = Debug|Any CPU
		{E40774C8-7B03-439B-A3A3-0FBBD945C86E}.Release|Any CPU.ActiveCfg = Release|Any CPU
		{E40774C8-7B03-439B-A3A3-0FBBD945C86E}.Release|Any CPU.Build.0 = Release|Any CPU
		{E40774C8-7B03-439B-A3A3-0FBBD945C86E}.Release|Any CPU.Deploy.0 = Release|Any CPU
		{E40774C8-7B03-439B-A3A3-0FBBD945C86E}.Release|ARM.ActiveCfg = Release|Any CPU
		{E40774C8-7B03-439B-A3A3-0FBBD945C86E}.Release|ARM.Build.0 = Release|Any CPU
		{E40774C8-7B03-439B-A3A3-0FBBD945C86E}.Release|ARM.Deploy.0 = Release|Any CPU
		{E40774C8-7B03-439B-A3A3-0FBBD945C86E}.Release|iPhone.ActiveCfg = Release|Any CPU
		{E40774C8-7B03-439B-A3A3-0FBBD945C86E}.Release|iPhone.Build.0 = Release|Any CPU
		{E40774C8-7B03-439B-A3A3-0FBBD945C86E}.Release|iPhone.Deploy.0 = Release|Any CPU
		{E40774C8-7B03-439B-A3A3-0FBBD945C86E}.Release|iPhoneSimulator.ActiveCfg = Release|Any CPU
		{E40774C8-7B03-439B-A3A3-0FBBD945C86E}.Release|iPhoneSimulator.Build.0 = Release|Any CPU
		{E40774C8-7B03-439B-A3A3-0FBBD945C86E}.Release|iPhoneSimulator.Deploy.0 = Release|Any CPU
		{E40774C8-7B03-439B-A3A3-0FBBD945C86E}.Release|x64.ActiveCfg = Release|Any CPU
		{E40774C8-7B03-439B-A3A3-0FBBD945C86E}.Release|x64.Build.0 = Release|Any CPU
		{E40774C8-7B03-439B-A3A3-0FBBD945C86E}.Release|x64.Deploy.0 = Release|Any CPU
		{E40774C8-7B03-439B-A3A3-0FBBD945C86E}.Release|x86.ActiveCfg = Release|Any CPU
		{E40774C8-7B03-439B-A3A3-0FBBD945C86E}.Release|x86.Build.0 = Release|Any CPU
		{E40774C8-7B03-439B-A3A3-0FBBD945C86E}.Release|x86.Deploy.0 = Release|Any CPU
		{905FB44C-0B98-4DCA-8FF9-3822E138DCF5}.Ad-Hoc|Any CPU.ActiveCfg = Ad-Hoc|iPhone
		{905FB44C-0B98-4DCA-8FF9-3822E138DCF5}.Ad-Hoc|ARM.ActiveCfg = Ad-Hoc|iPhone
		{905FB44C-0B98-4DCA-8FF9-3822E138DCF5}.Ad-Hoc|iPhone.ActiveCfg = Ad-Hoc|iPhone
		{905FB44C-0B98-4DCA-8FF9-3822E138DCF5}.Ad-Hoc|iPhone.Build.0 = Ad-Hoc|iPhone
		{905FB44C-0B98-4DCA-8FF9-3822E138DCF5}.Ad-Hoc|iPhoneSimulator.ActiveCfg = Ad-Hoc|iPhoneSimulator
		{905FB44C-0B98-4DCA-8FF9-3822E138DCF5}.Ad-Hoc|iPhoneSimulator.Build.0 = Ad-Hoc|iPhoneSimulator
		{905FB44C-0B98-4DCA-8FF9-3822E138DCF5}.Ad-Hoc|x64.ActiveCfg = Ad-Hoc|iPhone
		{905FB44C-0B98-4DCA-8FF9-3822E138DCF5}.Ad-Hoc|x86.ActiveCfg = Ad-Hoc|iPhone
		{905FB44C-0B98-4DCA-8FF9-3822E138DCF5}.AppStore|Any CPU.ActiveCfg = AppStore|iPhone
		{905FB44C-0B98-4DCA-8FF9-3822E138DCF5}.AppStore|ARM.ActiveCfg = AppStore|iPhone
		{905FB44C-0B98-4DCA-8FF9-3822E138DCF5}.AppStore|iPhone.ActiveCfg = AppStore|iPhone
		{905FB44C-0B98-4DCA-8FF9-3822E138DCF5}.AppStore|iPhone.Build.0 = AppStore|iPhone
		{905FB44C-0B98-4DCA-8FF9-3822E138DCF5}.AppStore|iPhoneSimulator.ActiveCfg = AppStore|iPhoneSimulator
		{905FB44C-0B98-4DCA-8FF9-3822E138DCF5}.AppStore|iPhoneSimulator.Build.0 = AppStore|iPhoneSimulator
		{905FB44C-0B98-4DCA-8FF9-3822E138DCF5}.AppStore|x64.ActiveCfg = AppStore|iPhone
		{905FB44C-0B98-4DCA-8FF9-3822E138DCF5}.AppStore|x86.ActiveCfg = AppStore|iPhone
		{905FB44C-0B98-4DCA-8FF9-3822E138DCF5}.Debug|Any CPU.ActiveCfg = Debug|iPhone
		{905FB44C-0B98-4DCA-8FF9-3822E138DCF5}.Debug|ARM.ActiveCfg = Debug|iPhone
		{905FB44C-0B98-4DCA-8FF9-3822E138DCF5}.Debug|iPhone.ActiveCfg = Debug|iPhone
		{905FB44C-0B98-4DCA-8FF9-3822E138DCF5}.Debug|iPhone.Build.0 = Debug|iPhone
		{905FB44C-0B98-4DCA-8FF9-3822E138DCF5}.Debug|iPhoneSimulator.ActiveCfg = Debug|iPhoneSimulator
		{905FB44C-0B98-4DCA-8FF9-3822E138DCF5}.Debug|iPhoneSimulator.Build.0 = Debug|iPhoneSimulator
		{905FB44C-0B98-4DCA-8FF9-3822E138DCF5}.Debug|x64.ActiveCfg = Debug|iPhone
		{905FB44C-0B98-4DCA-8FF9-3822E138DCF5}.Debug|x86.ActiveCfg = Debug|iPhone
		{905FB44C-0B98-4DCA-8FF9-3822E138DCF5}.Release|Any CPU.ActiveCfg = Release|iPhone
		{905FB44C-0B98-4DCA-8FF9-3822E138DCF5}.Release|ARM.ActiveCfg = Release|iPhone
		{905FB44C-0B98-4DCA-8FF9-3822E138DCF5}.Release|iPhone.ActiveCfg = Release|iPhone
		{905FB44C-0B98-4DCA-8FF9-3822E138DCF5}.Release|iPhone.Build.0 = Release|iPhone
		{905FB44C-0B98-4DCA-8FF9-3822E138DCF5}.Release|iPhoneSimulator.ActiveCfg = Release|iPhoneSimulator
		{905FB44C-0B98-4DCA-8FF9-3822E138DCF5}.Release|iPhoneSimulator.Build.0 = Release|iPhoneSimulator
		{905FB44C-0B98-4DCA-8FF9-3822E138DCF5}.Release|x64.ActiveCfg = Release|iPhone
		{905FB44C-0B98-4DCA-8FF9-3822E138DCF5}.Release|x86.ActiveCfg = Release|iPhone
		{F58DF22F-585E-41A9-97D5-21D732A3C9A0}.Ad-Hoc|Any CPU.ActiveCfg = Release|Any CPU
		{F58DF22F-585E-41A9-97D5-21D732A3C9A0}.Ad-Hoc|Any CPU.Build.0 = Release|Any CPU
		{F58DF22F-585E-41A9-97D5-21D732A3C9A0}.Ad-Hoc|ARM.ActiveCfg = Release|Any CPU
		{F58DF22F-585E-41A9-97D5-21D732A3C9A0}.Ad-Hoc|ARM.Build.0 = Release|Any CPU
		{F58DF22F-585E-41A9-97D5-21D732A3C9A0}.Ad-Hoc|iPhone.ActiveCfg = Release|Any CPU
		{F58DF22F-585E-41A9-97D5-21D732A3C9A0}.Ad-Hoc|iPhone.Build.0 = Release|Any CPU
		{F58DF22F-585E-41A9-97D5-21D732A3C9A0}.Ad-Hoc|iPhoneSimulator.ActiveCfg = Release|Any CPU
		{F58DF22F-585E-41A9-97D5-21D732A3C9A0}.Ad-Hoc|iPhoneSimulator.Build.0 = Release|Any CPU
		{F58DF22F-585E-41A9-97D5-21D732A3C9A0}.Ad-Hoc|x64.ActiveCfg = Release|Any CPU
		{F58DF22F-585E-41A9-97D5-21D732A3C9A0}.Ad-Hoc|x64.Build.0 = Release|Any CPU
		{F58DF22F-585E-41A9-97D5-21D732A3C9A0}.Ad-Hoc|x86.ActiveCfg = Release|Any CPU
		{F58DF22F-585E-41A9-97D5-21D732A3C9A0}.Ad-Hoc|x86.Build.0 = Release|Any CPU
		{F58DF22F-585E-41A9-97D5-21D732A3C9A0}.AppStore|Any CPU.ActiveCfg = Release|Any CPU
		{F58DF22F-585E-41A9-97D5-21D732A3C9A0}.AppStore|Any CPU.Build.0 = Release|Any CPU
		{F58DF22F-585E-41A9-97D5-21D732A3C9A0}.AppStore|ARM.ActiveCfg = Release|Any CPU
		{F58DF22F-585E-41A9-97D5-21D732A3C9A0}.AppStore|ARM.Build.0 = Release|Any CPU
		{F58DF22F-585E-41A9-97D5-21D732A3C9A0}.AppStore|iPhone.ActiveCfg = Release|Any CPU
		{F58DF22F-585E-41A9-97D5-21D732A3C9A0}.AppStore|iPhone.Build.0 = Release|Any CPU
		{F58DF22F-585E-41A9-97D5-21D732A3C9A0}.AppStore|iPhoneSimulator.ActiveCfg = Release|Any CPU
		{F58DF22F-585E-41A9-97D5-21D732A3C9A0}.AppStore|iPhoneSimulator.Build.0 = Release|Any CPU
		{F58DF22F-585E-41A9-97D5-21D732A3C9A0}.AppStore|x64.ActiveCfg = Release|Any CPU
		{F58DF22F-585E-41A9-97D5-21D732A3C9A0}.AppStore|x64.Build.0 = Release|Any CPU
		{F58DF22F-585E-41A9-97D5-21D732A3C9A0}.AppStore|x86.ActiveCfg = Release|Any CPU
		{F58DF22F-585E-41A9-97D5-21D732A3C9A0}.AppStore|x86.Build.0 = Release|Any CPU
		{F58DF22F-585E-41A9-97D5-21D732A3C9A0}.Debug|Any CPU.ActiveCfg = Debug|Any CPU
		{F58DF22F-585E-41A9-97D5-21D732A3C9A0}.Debug|Any CPU.Build.0 = Debug|Any CPU
		{F58DF22F-585E-41A9-97D5-21D732A3C9A0}.Debug|ARM.ActiveCfg = Debug|Any CPU
		{F58DF22F-585E-41A9-97D5-21D732A3C9A0}.Debug|ARM.Build.0 = Debug|Any CPU
		{F58DF22F-585E-41A9-97D5-21D732A3C9A0}.Debug|iPhone.ActiveCfg = Debug|Any CPU
		{F58DF22F-585E-41A9-97D5-21D732A3C9A0}.Debug|iPhone.Build.0 = Debug|Any CPU
		{F58DF22F-585E-41A9-97D5-21D732A3C9A0}.Debug|iPhoneSimulator.ActiveCfg = Debug|Any CPU
		{F58DF22F-585E-41A9-97D5-21D732A3C9A0}.Debug|iPhoneSimulator.Build.0 = Debug|Any CPU
		{F58DF22F-585E-41A9-97D5-21D732A3C9A0}.Debug|x64.ActiveCfg = Debug|Any CPU
		{F58DF22F-585E-41A9-97D5-21D732A3C9A0}.Debug|x64.Build.0 = Debug|Any CPU
		{F58DF22F-585E-41A9-97D5-21D732A3C9A0}.Debug|x86.ActiveCfg = Debug|Any CPU
		{F58DF22F-585E-41A9-97D5-21D732A3C9A0}.Debug|x86.Build.0 = Debug|Any CPU
		{F58DF22F-585E-41A9-97D5-21D732A3C9A0}.Release|Any CPU.ActiveCfg = Release|Any CPU
		{F58DF22F-585E-41A9-97D5-21D732A3C9A0}.Release|Any CPU.Build.0 = Release|Any CPU
		{F58DF22F-585E-41A9-97D5-21D732A3C9A0}.Release|ARM.ActiveCfg = Release|Any CPU
		{F58DF22F-585E-41A9-97D5-21D732A3C9A0}.Release|ARM.Build.0 = Release|Any CPU
		{F58DF22F-585E-41A9-97D5-21D732A3C9A0}.Release|iPhone.ActiveCfg = Release|Any CPU
		{F58DF22F-585E-41A9-97D5-21D732A3C9A0}.Release|iPhone.Build.0 = Release|Any CPU
		{F58DF22F-585E-41A9-97D5-21D732A3C9A0}.Release|iPhoneSimulator.ActiveCfg = Release|Any CPU
		{F58DF22F-585E-41A9-97D5-21D732A3C9A0}.Release|iPhoneSimulator.Build.0 = Release|Any CPU
		{F58DF22F-585E-41A9-97D5-21D732A3C9A0}.Release|x64.ActiveCfg = Release|Any CPU
		{F58DF22F-585E-41A9-97D5-21D732A3C9A0}.Release|x64.Build.0 = Release|Any CPU
		{F58DF22F-585E-41A9-97D5-21D732A3C9A0}.Release|x86.ActiveCfg = Release|Any CPU
		{F58DF22F-585E-41A9-97D5-21D732A3C9A0}.Release|x86.Build.0 = Release|Any CPU
	EndGlobalSection
	GlobalSection(SolutionProperties) = preSolution
		HideSolutionNode = FALSE
	EndGlobalSection
EndGlobal
